
Microsoft Visual Studio Solution File, Format Version 12.00
# Visual Studio Version 17
VisualStudioVersion = 17.10.34928.147
MinimumVisualStudioVersion = 10.0.40219.1
Project("{2150E333-8FDC-42A3-9474-1A3956D46DE8}") = "src", "src", "{C5E5C597-48D6-49E5-8B70-270D3817253B}"
EndProject
Project("{2150E333-8FDC-42A3-9474-1A3956D46DE8}") = "test", "test", "{5DA706AC-6AC2-47D4-BE0A-6AEDE63058D2}"
EndProject
Project("{2150E333-8FDC-42A3-9474-1A3956D46DE8}") = "services", "services", "{98D0A2DF-E8C1-46BF-9416-73B499C4135C}"
EndProject
Project("{FAE04EC0-301F-11D3-BF4B-00C04F79EFBC}") = "Authentication", "src\services\Authentication\Authentication.csproj", "{91BA704B-B7A1-4D38-BDCF-9641CF4558C9}"
EndProject
Global
	GlobalSection(SolutionConfigurationPlatforms) = preSolution
		Debug|Any CPU = Debug|Any CPU
		Release|Any CPU = Release|Any CPU
	EndGlobalSection
	GlobalSection(ProjectConfigurationPlatforms) = postSolution
		{91BA704B-B7A1-4D38-BDCF-9641CF4558C9}.Debug|Any CPU.ActiveCfg = Debug|Any CPU
		{91BA704B-B7A1-4D38-BDCF-9641CF4558C9}.Debug|Any CPU.Build.0 = Debug|Any CPU
		{91BA704B-B7A1-4D38-BDCF-9641CF4558C9}.Release|Any CPU.ActiveCfg = Release|Any CPU
		{91BA704B-B7A1-4D38-BDCF-9641CF4558C9}.Release|Any CPU.Build.0 = Release|Any CPU
	EndGlobalSection
	GlobalSection(SolutionProperties) = preSolution
		HideSolutionNode = FALSE
	EndGlobalSection
	GlobalSection(NestedProjects) = preSolution
		{98D0A2DF-E8C1-46BF-9416-73B499C4135C} = {C5E5C597-48D6-49E5-8B70-270D3817253B}
		{91BA704B-B7A1-4D38-BDCF-9641CF4558C9} = {98D0A2DF-E8C1-46BF-9416-73B499C4135C}
	EndGlobalSection
	GlobalSection(ExtensibilityGlobals) = postSolution
		SolutionGuid = {049AC6BC-9CE0-421E-933B-E1BB7B2D7F38}
	EndGlobalSection
EndGlobal
